<?xml version="1.0" encoding="utf-8"?>
<Project ToolsVersion="4.0" xmlns="http://schemas.microsoft.com/developer/msbuild/2003">
  <ItemGroup>
    <Filter Include="소스 파일">
      <UniqueIdentifier>{4FC737F1-C7A5-4376-A066-2A32D752A2FF}</UniqueIdentifier>
      <Extensions>cpp;c;cc;cxx;def;odl;idl;hpj;bat;asm;asmx</Extensions>
    </Filter>
    <Filter Include="헤더 파일">
      <UniqueIdentifier>{93995380-89BD-4b04-88EB-625FBE52EBFB}</UniqueIdentifier>
      <Extensions>h;hh;hpp;hxx;hm;inl;inc;xsd</Extensions>
    </Filter>
    <Filter Include="리소스 파일">
      <UniqueIdentifier>{67DA6AB6-F800-4c08-8B7A-83BB121AAD01}</UniqueIdentifier>
      <Extensions>rc;ico;cur;bmp;dlg;rc2;rct;bin;rgs;gif;jpg;jpeg;jpe;resx;tiff;tif;png;wav;mfcribbon-ms</Extensions>
    </Filter>
    <Filter Include="소스 파일\GameObjects">
      <UniqueIdentifier>{1606a629-1b04-42d0-bb1b-141160ef5b42}</UniqueIdentifier>
    </Filter>
    <Filter Include="헤더 파일\GameObjects">
      <UniqueIdentifier>{82503ca1-088a-4f51-90d7-f3ca8cec6c7d}</UniqueIdentifier>
    </Filter>
    <Filter Include="소스 파일\Managers">
      <UniqueIdentifier>{66cfad53-c019-415e-bdda-6597ee992265}</UniqueIdentifier>
    </Filter>
    <Filter Include="헤더 파일\Managers">
      <UniqueIdentifier>{4a2846d4-2800-45c8-88bf-83d71bb1ff50}</UniqueIdentifier>
    </Filter>
    <Filter Include="소스 파일\Scenes">
      <UniqueIdentifier>{1366160c-700a-477e-b128-6a8d7393917a}</UniqueIdentifier>
    </Filter>
    <Filter Include="헤더 파일\Scenes">
      <UniqueIdentifier>{88f95772-23d3-4c89-a329-301f2a4d8742}</UniqueIdentifier>
    </Filter>
  </ItemGroup>
  <ItemGroup>
    <Text Include="ReadMe.txt" />
  </ItemGroup>
  <ItemGroup>
    <ClInclude Include="stdafx.h">
      <Filter>헤더 파일</Filter>
    </ClInclude>
    <ClInclude Include="targetver.h">
      <Filter>헤더 파일</Filter>
    </ClInclude>
    <ClInclude Include="Resource.h">
      <Filter>헤더 파일</Filter>
    </ClInclude>
    <ClInclude Include="GameInWINAPI.h">
      <Filter>헤더 파일</Filter>
    </ClInclude>
    <ClInclude Include="DefineEnum.h">
      <Filter>헤더 파일</Filter>
    </ClInclude>
    <ClInclude Include="CScreenDib.h">
      <Filter>헤더 파일\Managers</Filter>
    </ClInclude>
    <ClInclude Include="CSpriteDib.h">
      <Filter>헤더 파일\Managers</Filter>
    </ClInclude>
    <ClInclude Include="FrameCheck.h">
      <Filter>헤더 파일\Managers</Filter>
    </ClInclude>
    <ClInclude Include="Player.h">
      <Filter>헤더 파일\GameObjects</Filter>
    </ClInclude>
    <ClInclude Include="BaseObject.h">
      <Filter>헤더 파일\GameObjects</Filter>
    </ClInclude>
    <ClInclude Include="Game.h">
      <Filter>헤더 파일\Managers</Filter>
    </ClInclude>
    <ClInclude Include="GameOverScene.h">
      <Filter>헤더 파일\Scenes</Filter>
    </ClInclude>
    <ClInclude Include="InGameScene.h">
      <Filter>헤더 파일\Scenes</Filter>
    </ClInclude>
    <ClInclude Include="Scene.h">
      <Filter>헤더 파일\Scenes</Filter>
    </ClInclude>
    <ClInclude Include="TitleScene.h">
      <Filter>헤더 파일\Scenes</Filter>
    </ClInclude>
    <ClInclude Include="SceneManager.h">
      <Filter>헤더 파일\Managers</Filter>
    </ClInclude>
  </ItemGroup>
  <ItemGroup>
    <ClCompile Include="stdafx.cpp">
      <Filter>소스 파일</Filter>
    </ClCompile>
    <ClCompile Include="GameInWINAPI.cpp">
      <Filter>소스 파일</Filter>
    </ClCompile>
    <ClCompile Include="CScreenDib.cpp">
      <Filter>소스 파일\Managers</Filter>
    </ClCompile>
    <ClCompile Include="CSpriteDib.cpp">
      <Filter>소스 파일\Managers</Filter>
    </ClCompile>
    <ClCompile Include="FrameCheck.cpp">
      <Filter>소스 파일\Managers</Filter>
    </ClCompile>
    <ClCompile Include="Player.cpp">
      <Filter>소스 파일\GameObjects</Filter>
    </ClCompile>
    <ClCompile Include="BaseObject.cpp">
      <Filter>소스 파일\GameObjects</Filter>
    </ClCompile>
    <ClCompile Include="Game.cpp">
      <Filter>소스 파일\Managers</Filter>
    </ClCompile>
    <ClCompile Include="GameOverScene.cpp">
      <Filter>소스 파일\Scenes</Filter>
    </ClCompile>
    <ClCompile Include="InGameScene.cpp">
      <Filter>소스 파일\Scenes</Filter>
    </ClCompile>
    <ClCompile Include="Scene.cpp">
      <Filter>소스 파일\Scenes</Filter>
    </ClCompile>
    <ClCompile Include="SceneManager.cpp">
      <Filter>소스 파일\Managers</Filter>
    </ClCompile>
    <ClCompile Include="TitleScene.cpp">
      <Filter>소스 파일\Scenes</Filter>
    </ClCompile>
  </ItemGroup>
  <ItemGroup>
    <ResourceCompile Include="GameInWINAPI.rc">
      <Filter>리소스 파일</Filter>
    </ResourceCompile>
  </ItemGroup>
  <ItemGroup>
    <Image Include="small.ico">
      <Filter>리소스 파일</Filter>
    </Image>
    <Image Include="GameInWINAPI.ico">
      <Filter>리소스 파일</Filter>
    </Image>
  </ItemGroup>
</Project>